
Microsoft Visual Studio Solution File, Format Version 12.00
# Visual Studio 15
VisualStudioVersion = 15.0.26403.0
MinimumVisualStudioVersion = 10.0.40219.1
Project("{8BC9CEB8-8B4A-11D0-8D11-00A0C91BC942}") = "OMDbAPI", "OMDbAPI\OMDbAPI.vcxproj", "{40523CCE-99CF-4693-96AF-346F111DDAF6}"
EndProject
Project("{8BC9CEB8-8B4A-11D0-8D11-00A0C91BC942}") = "unit_tests", "unit_tests\unit_tests.vcxproj", "{9C15D59A-98D0-47BC-9220-0366E73C4C42}"
EndProject
Global
	GlobalSection(SolutionConfigurationPlatforms) = preSolution
		Debug|x64 = Debug|x64
		Debug|x86 = Debug|x86
		Release|x64 = Release|x64
		Release|x86 = Release|x86
	EndGlobalSection
	GlobalSection(ProjectConfigurationPlatforms) = postSolution
		{40523CCE-99CF-4693-96AF-346F111DDAF6}.Debug|x64.ActiveCfg = Debug|x64
		{40523CCE-99CF-4693-96AF-346F111DDAF6}.Debug|x64.Build.0 = Debug|x64
		{40523CCE-99CF-4693-96AF-346F111DDAF6}.Debug|x86.ActiveCfg = Debug|Win32
		{40523CCE-99CF-4693-96AF-346F111DDAF6}.Debug|x86.Build.0 = Debug|Win32
		{40523CCE-99CF-4693-96AF-346F111DDAF6}.Release|x64.ActiveCfg = Release|x64
		{40523CCE-99CF-4693-96AF-346F111DDAF6}.Release|x64.Build.0 = Release|x64
		{40523CCE-99CF-4693-96AF-346F111DDAF6}.Release|x86.ActiveCfg = Release|Win32
		{40523CCE-99CF-4693-96AF-346F111DDAF6}.Release|x86.Build.0 = Release|Win32
		{9C15D59A-98D0-47BC-9220-0366E73C4C42}.Debug|x64.ActiveCfg = Debug|x64
		{9C15D59A-98D0-47BC-9220-0366E73C4C42}.Debug|x64.Build.0 = Debug|x64
		{9C15D59A-98D0-47BC-9220-0366E73C4C42}.Debug|x86.ActiveCfg = Debug|Win32
		{9C15D59A-98D0-47BC-9220-0366E73C4C42}.Debug|x86.Build.0 = Debug|Win32
		{9C15D59A-98D0-47BC-9220-0366E73C4C42}.Release|x64.ActiveCfg = Release|x64
		{9C15D59A-98D0-47BC-9220-0366E73C4C42}.Release|x64.Build.0 = Release|x64
		{9C15D59A-98D0-47BC-9220-0366E73C4C42}.Release|x86.ActiveCfg = Release|Win32
		{9C15D59A-98D0-47BC-9220-0366E73C4C42}.Release|x86.Build.0 = Release|Win32
	EndGlobalSection
	GlobalSection(SolutionProperties) = preSolution
		HideSolutionNode = FALSE
	EndGlobalSection
EndGlobal
